
Microsoft Visual Studio Solution File, Format Version 12.00
# Visual Studio 15
VisualStudioVersion = 15.0.27428.2005
MinimumVisualStudioVersion = 10.0.40219.1
Project("{FAE04EC0-301F-11D3-BF4B-00C04F79EFBC}") = "Work.WebProj", "Work.WebProj\Work.WebProj.csproj", "{4CC0516E-D06F-43E8-A50B-0860AD751156}"
EndProject
Project("{FAE04EC0-301F-11D3-BF4B-00C04F79EFBC}") = "TeamForce.Tests", "TeamForce.Tests\TeamForce.Tests.csproj", "{0A2F2C0B-CB80-4986-B768-B14E84354203}"
EndProject
Global
	GlobalSection(SolutionConfigurationPlatforms) = preSolution
		Debug|Any CPU = Debug|Any CPU
		Release|Any CPU = Release|Any CPU
	EndGlobalSection
	GlobalSection(ProjectConfigurationPlatforms) = postSolution
		{4CC0516E-D06F-43E8-A50B-0860AD751156}.Debug|Any CPU.ActiveCfg = Debug|Any CPU
		{4CC0516E-D06F-43E8-A50B-0860AD751156}.Debug|Any CPU.Build.0 = Debug|Any CPU
		{4CC0516E-D06F-43E8-A50B-0860AD751156}.Release|Any CPU.ActiveCfg = Release|Any CPU
		{4CC0516E-D06F-43E8-A50B-0860AD751156}.Release|Any CPU.Build.0 = Release|Any CPU
		{0A2F2C0B-CB80-4986-B768-B14E84354203}.Debug|Any CPU.ActiveCfg = Debug|Any CPU
		{0A2F2C0B-CB80-4986-B768-B14E84354203}.Debug|Any CPU.Build.0 = Debug|Any CPU
		{0A2F2C0B-CB80-4986-B768-B14E84354203}.Release|Any CPU.ActiveCfg = Release|Any CPU
		{0A2F2C0B-CB80-4986-B768-B14E84354203}.Release|Any CPU.Build.0 = Release|Any CPU
	EndGlobalSection
	GlobalSection(SolutionProperties) = preSolution
		HideSolutionNode = FALSE
	EndGlobalSection
	GlobalSection(ExtensibilityGlobals) = postSolution
		SolutionGuid = {6820C2B0-45B2-4AD1-AC04-44AE2F252F78}
	EndGlobalSection
EndGlobal
